<?xml version="1.0" encoding="utf-8"?>
<Project ToolsVersion="4.0" xmlns="http://schemas.microsoft.com/developer/msbuild/2003">
  <ItemGroup>
    <Filter Include="Engine">
      <UniqueIdentifier>{93995380-89BD-4b04-88EB-625FBE52EBFB}</UniqueIdentifier>
      <Extensions>h;hpp;hxx;hm;inl;inc;xsd</Extensions>
    </Filter>
    <Filter Include="Engine\Source Files">
      <UniqueIdentifier>{12afb2e1-c0dc-45ae-bdd0-08259aa7f62e}</UniqueIdentifier>
    </Filter>
    <Filter Include="Header Files">
      <UniqueIdentifier>{71f46483-35a6-4226-80a7-28d6c04b6f0c}</UniqueIdentifier>
    </Filter>
    <Filter Include="Hardware">
      <UniqueIdentifier>{23b7f42f-a0d0-44f1-a256-97d0a0a78687}</UniqueIdentifier>
    </Filter>
    <Filter Include="Hardware\Source Files">
      <UniqueIdentifier>{a3bc9efa-da71-4bdc-9b42-03c76bb95248}</UniqueIdentifier>
    </Filter>
    <Filter Include="Hardware\Header Files">
      <UniqueIdentifier>{0df006b3-ab3c-4112-b227-a8f2c835b10a}</UniqueIdentifier>
    </Filter>
    <Filter Include="Includes">
      <UniqueIdentifier>{4ea45e28-ff5a-4484-82f3-6e6cc632adef}</UniqueIdentifier>
    </Filter>
    <Filter Include="Libraries">
      <UniqueIdentifier>{1f4bc134-ac5b-49a9-a3bb-bdd3c7ae2458}</UniqueIdentifier>
    </Filter>
    <Filter Include="Libraries\mtrand">
      <UniqueIdentifier>{c51a9bb1-e41d-4f56-99d0-2790ac468fe7}</UniqueIdentifier>
    </Filter>
    <Filter Include="Libraries\stb_image">
      <UniqueIdentifier>{3d41ecc1-fe04-4db0-8374-7b8494c60265}</UniqueIdentifier>
    </Filter>
    <Filter Include="Libraries\TinyXML2">
      <UniqueIdentifier>{09e8fab8-0646-4a93-be33-1acb518ab148}</UniqueIdentifier>
    </Filter>
  </ItemGroup>
  <ItemGroup>
    <ClCompile Include="Engine\Image.cpp">
      <Filter>Engine\Source Files</Filter>
    </ClCompile>
    <ClCompile Include="Engine\Utilities.cpp">
      <Filter>Engine\Source Files</Filter>
    </ClCompile>
    <ClCompile Include="Engine\ResourceManager.cpp">
      <Filter>Engine\Source Files</Filter>
    </ClCompile>
    <ClCompile Include="Engine\System.cpp">
      <Filter>Engine\Source Files</Filter>
    </ClCompile>
    <ClCompile Include="Hardware\BG.cpp">
      <Filter>Hardware\Source Files</Filter>
    </ClCompile>
    <ClCompile Include="Hardware\BGManager.cpp">
      <Filter>Hardware\Source Files</Filter>
    </ClCompile>
    <ClCompile Include="Hardware\BGVRAM.cpp">
      <Filter>Hardware\Source Files</Filter>
    </ClCompile>
    <ClCompile Include="Hardware\CRC32.cpp">
      <Filter>Hardware\Source Files</Filter>
    </ClCompile>
    <ClCompile Include="Hardware\DMA.cpp">
      <Filter>Hardware\Source Files</Filter>
    </ClCompile>
    <ClCompile Include="Hardware\Hardware.cpp">
      <Filter>Hardware\Source Files</Filter>
    </ClCompile>
    <ClCompile Include="Hardware\HDMA.cpp">
      <Filter>Hardware\Source Files</Filter>
    </ClCompile>
    <ClCompile Include="Hardware\Joypad.cpp">
      <Filter>Hardware\Source Files</Filter>
    </ClCompile>
    <ClCompile Include="Hardware\OAM.cpp">
      <Filter>Hardware\Source Files</Filter>
    </ClCompile>
    <ClCompile Include="Hardware\Obj.cpp">
      <Filter>Hardware\Source Files</Filter>
    </ClCompile>
    <ClCompile Include="Hardware\ObjVRAM.cpp">
      <Filter>Hardware\Source Files</Filter>
    </ClCompile>
    <ClCompile Include="Hardware\ShadowOAM.cpp">
      <Filter>Hardware\Source Files</Filter>
    </ClCompile>
    <ClCompile Include="Hardware\SPC.cpp">
      <Filter>Hardware\Source Files</Filter>
    </ClCompile>
    <ClCompile Include="Hardware\SRAM.cpp">
      <Filter>Hardware\Source Files</Filter>
    </ClCompile>
    <ClCompile Include="Hardware\Text.cpp">
      <Filter>Hardware\Source Files</Filter>
    </ClCompile>
    <ClCompile Include="Libraries\mtrand\mtrand.cpp">
      <Filter>Libraries\mtrand</Filter>
    </ClCompile>
    <ClCompile Include="Libraries\TinyXML2\tinyxml2.cpp">
      <Filter>Libraries\TinyXML2</Filter>
    </ClCompile>
    <ClCompile Include="Libraries\stb_image\stb_image.cpp">
      <Filter>Libraries\stb_image</Filter>
    </ClCompile>
  </ItemGroup>
  <ItemGroup>
    <ClInclude Include="Include\System.h">
      <Filter>Header Files</Filter>
    </ClInclude>
    <ClInclude Include="Include\Utilities.h">
      <Filter>Header Files</Filter>
    </ClInclude>
    <ClInclude Include="Hardware\CRC32.h">
      <Filter>Hardware\Header Files</Filter>
    </ClInclude>
    <ClInclude Include="Hardware\ShadowOAM.h">
      <Filter>Hardware\Header Files</Filter>
    </ClInclude>
    <ClInclude Include="Hardware\BGManager.h">
      <Filter>Hardware\Header Files</Filter>
    </ClInclude>
    <ClInclude Include="..\Include\AssertLog.h">
      <Filter>Includes</Filter>
    </ClInclude>
    <ClInclude Include="..\Include\BG.h">
      <Filter>Includes</Filter>
    </ClInclude>
    <ClInclude Include="..\Include\BGVRAM.h">
      <Filter>Includes</Filter>
    </ClInclude>
    <ClInclude Include="..\Include\DMA.h">
      <Filter>Includes</Filter>
    </ClInclude>
    <ClInclude Include="..\Include\File.h">
      <Filter>Includes</Filter>
    </ClInclude>
    <ClInclude Include="..\Include\GameHeader.h">
      <Filter>Includes</Filter>
    </ClInclude>
    <ClInclude Include="..\Include\Hardware.h">
      <Filter>Includes</Filter>
    </ClInclude>
    <ClInclude Include="..\Include\HardwareDefines.h">
      <Filter>Includes</Filter>
    </ClInclude>
    <ClInclude Include="..\Include\HDMA.h">
      <Filter>Includes</Filter>
    </ClInclude>
    <ClInclude Include="..\Include\IGame.h">
      <Filter>Includes</Filter>
    </ClInclude>
    <ClInclude Include="..\Include\Image.h">
      <Filter>Includes</Filter>
    </ClInclude>
    <ClInclude Include="..\Include\IVRAM.h">
      <Filter>Includes</Filter>
    </ClInclude>
    <ClInclude Include="..\Include\Joypad.h">
      <Filter>Includes</Filter>
    </ClInclude>
    <ClInclude Include="..\Include\Log.h">
      <Filter>Includes</Filter>
    </ClInclude>
    <ClInclude Include="..\Include\Macros.h">
      <Filter>Includes</Filter>
    </ClInclude>
    <ClInclude Include="..\Include\OAM.h">
      <Filter>Includes</Filter>
    </ClInclude>
    <ClInclude Include="..\Include\Obj.h">
      <Filter>Includes</Filter>
    </ClInclude>
    <ClInclude Include="..\Include\ObjVRAM.h">
      <Filter>Includes</Filter>
    </ClInclude>
    <ClInclude Include="..\Include\PathDefines.h">
      <Filter>Includes</Filter>
    </ClInclude>
    <ClInclude Include="..\Include\Point.h">
      <Filter>Includes</Filter>
    </ClInclude>
    <ClInclude Include="..\Include\Rect.h">
      <Filter>Includes</Filter>
    </ClInclude>
    <ClInclude Include="..\Include\RenderParams.h">
      <Filter>Includes</Filter>
    </ClInclude>
    <ClInclude Include="..\Include\ResourceManager.h">
      <Filter>Includes</Filter>
    </ClInclude>
    <ClInclude Include="..\Include\SPC.h">
      <Filter>Includes</Filter>
    </ClInclude>
    <ClInclude Include="..\Include\SRAM.h">
      <Filter>Includes</Filter>
    </ClInclude>
    <ClInclude Include="..\Include\STLMacros.h">
      <Filter>Includes</Filter>
    </ClInclude>
    <ClInclude Include="..\Include\Text.h">
      <Filter>Includes</Filter>
    </ClInclude>
    <ClInclude Include="..\Include\Types.h">
      <Filter>Includes</Filter>
    </ClInclude>
    <ClInclude Include="Libraries\mtrand\mtrand.h">
      <Filter>Libraries\mtrand</Filter>
    </ClInclude>
    <ClInclude Include="Libraries\stb_image\stb_image.h">
      <Filter>Libraries\stb_image</Filter>
    </ClInclude>
  </ItemGroup>
</Project>