
Microsoft Visual Studio Solution File, Format Version 11.00
# Visual Studio 2010
Project("{8BC9CEB8-8B4A-11D0-8D11-00A0C91BC942}") = "Tilemap", "Examples\Tilemap\Tilemap.vcxproj", "{FAC3AFBD-79B5-499C-8FA0-3F8685271F84}"
	ProjectSection(ProjectDependencies) = postProject
		{6758B909-1073-4903-BE25-6A63C5699BAC} = {6758B909-1073-4903-BE25-6A63C5699BAC}
		{CD73983D-0E15-4522-807A-8448DED63481} = {CD73983D-0E15-4522-807A-8448DED63481}
		{C6EFD753-5B9B-4412-AA2C-6AF8439C968A} = {C6EFD753-5B9B-4412-AA2C-6AF8439C968A}
		{0D186371-E32C-4F5E-91B6-565CD12503E0} = {0D186371-E32C-4F5E-91B6-565CD12503E0}
	EndProjectSection
EndProject
Project("{8BC9CEB8-8B4A-11D0-8D11-00A0C91BC942}") = "ASEConvert", "Tools\ASEConvert\ASEConvert.vcxproj", "{9FE1C6AE-8FA4-4731-A987-E358533AF09F}"
EndProject
Project("{8BC9CEB8-8B4A-11D0-8D11-00A0C91BC942}") = "MappyConvert", "Tools\MappyConvert\MappyConvert.vcxproj", "{0794D849-D2B2-4F86-8006-8D3CE30897F5}"
EndProject
Project("{8BC9CEB8-8B4A-11D0-8D11-00A0C91BC942}") = "Sprites", "Examples\Sprites\Sprites.vcxproj", "{2F49EDBA-80F0-43D9-A51B-B3896F4503C8}"
	ProjectSection(ProjectDependencies) = postProject
		{6758B909-1073-4903-BE25-6A63C5699BAC} = {6758B909-1073-4903-BE25-6A63C5699BAC}
		{CD73983D-0E15-4522-807A-8448DED63481} = {CD73983D-0E15-4522-807A-8448DED63481}
		{C6EFD753-5B9B-4412-AA2C-6AF8439C968A} = {C6EFD753-5B9B-4412-AA2C-6AF8439C968A}
		{0D186371-E32C-4F5E-91B6-565CD12503E0} = {0D186371-E32C-4F5E-91B6-565CD12503E0}
	EndProjectSection
EndProject
Project("{8BC9CEB8-8B4A-11D0-8D11-00A0C91BC942}") = "HDMA", "Examples\HDMA\HDMA.vcxproj", "{183A7A26-B0D2-4F55-8F24-EF9E62E697CF}"
	ProjectSection(ProjectDependencies) = postProject
		{6758B909-1073-4903-BE25-6A63C5699BAC} = {6758B909-1073-4903-BE25-6A63C5699BAC}
		{CD73983D-0E15-4522-807A-8448DED63481} = {CD73983D-0E15-4522-807A-8448DED63481}
		{C6EFD753-5B9B-4412-AA2C-6AF8439C968A} = {C6EFD753-5B9B-4412-AA2C-6AF8439C968A}
		{0D186371-E32C-4F5E-91B6-565CD12503E0} = {0D186371-E32C-4F5E-91B6-565CD12503E0}
	EndProjectSection
EndProject
Project("{8BC9CEB8-8B4A-11D0-8D11-00A0C91BC942}") = "Mosaic", "Examples\Mosaic\Mosaic.vcxproj", "{6101B825-0E42-440F-A964-40F844557F31}"
	ProjectSection(ProjectDependencies) = postProject
		{6758B909-1073-4903-BE25-6A63C5699BAC} = {6758B909-1073-4903-BE25-6A63C5699BAC}
		{CD73983D-0E15-4522-807A-8448DED63481} = {CD73983D-0E15-4522-807A-8448DED63481}
		{C6EFD753-5B9B-4412-AA2C-6AF8439C968A} = {C6EFD753-5B9B-4412-AA2C-6AF8439C968A}
		{0D186371-E32C-4F5E-91B6-565CD12503E0} = {0D186371-E32C-4F5E-91B6-565CD12503E0}
	EndProjectSection
EndProject
Project("{8BC9CEB8-8B4A-11D0-8D11-00A0C91BC942}") = "ExpansionLib", "ExpansionLib\Expansion2010.vcxproj", "{C6EFD753-5B9B-4412-AA2C-6AF8439C968A}"
	ProjectSection(ProjectDependencies) = postProject
		{0D186371-E32C-4F5E-91B6-565CD12503E0} = {0D186371-E32C-4F5E-91B6-565CD12503E0}
		{A5A6CBFA-31DD-4F14-9C52-6CD4C1AD620D} = {A5A6CBFA-31DD-4F14-9C52-6CD4C1AD620D}
	EndProjectSection
EndProject
Project("{8BC9CEB8-8B4A-11D0-8D11-00A0C91BC942}") = "SuperPlayLib", "SuperPlayLib\SuperPlay2010.vcxproj", "{0D186371-E32C-4F5E-91B6-565CD12503E0}"
	ProjectSection(ProjectDependencies) = postProject
		{6758B909-1073-4903-BE25-6A63C5699BAC} = {6758B909-1073-4903-BE25-6A63C5699BAC}
		{CD73983D-0E15-4522-807A-8448DED63481} = {CD73983D-0E15-4522-807A-8448DED63481}
		{16E4A2C8-984B-40C2-9FBD-BF77FECC4766} = {16E4A2C8-984B-40C2-9FBD-BF77FECC4766}
		{A5A6CBFA-31DD-4F14-9C52-6CD4C1AD620D} = {A5A6CBFA-31DD-4F14-9C52-6CD4C1AD620D}
	EndProjectSection
EndProject
Project("{8BC9CEB8-8B4A-11D0-8D11-00A0C91BC942}") = "TiledConvert", "Tools\TiledConvert\TiledConvert.vcxproj", "{48ED15A1-2E9A-450D-BB57-A171439475B9}"
EndProject
Project("{8BC9CEB8-8B4A-11D0-8D11-00A0C91BC942}") = "ProMotionConvert", "Tools\ProMotionConvert\ProMotionConvert.vcxproj", "{94178B7D-8EE1-45D4-AF76-B9F188BE76D9}"
EndProject
Project("{8BC9CEB8-8B4A-11D0-8D11-00A0C91BC942}") = "PyxelConvert", "Tools\PyxelConvert\PyxelConvert.vcxproj", "{ED2D5ED2-2CC2-4704-9556-C394FFBD315C}"
EndProject
Project("{8BC9CEB8-8B4A-11D0-8D11-00A0C91BC942}") = "PickleConvert", "Tools\PickleConvert\PickleConvert.vcxproj", "{C1608917-B850-4C2A-86A9-0A7C34091E82}"
EndProject
Project("{8BC9CEB8-8B4A-11D0-8D11-00A0C91BC942}") = "DisplayLibDX", "DisplayLib\DirectX\DisplayLib2010.vcxproj", "{CD73983D-0E15-4522-807A-8448DED63481}"
EndProject
Project("{8BC9CEB8-8B4A-11D0-8D11-00A0C91BC942}") = "PlatformLib2010", "PlatformLib\Win32\PlatformLib2010.vcxproj", "{A5A6CBFA-31DD-4F14-9C52-6CD4C1AD620D}"
	ProjectSection(ProjectDependencies) = postProject
		{6758B909-1073-4903-BE25-6A63C5699BAC} = {6758B909-1073-4903-BE25-6A63C5699BAC}
		{CD73983D-0E15-4522-807A-8448DED63481} = {CD73983D-0E15-4522-807A-8448DED63481}
	EndProjectSection
EndProject
Project("{8BC9CEB8-8B4A-11D0-8D11-00A0C91BC942}") = "FontConvert", "Tools\FontConvert\FontConvert.vcxproj", "{D26B7A61-D562-4B47-A517-3360AB83AC84}"
EndProject
Project("{8BC9CEB8-8B4A-11D0-8D11-00A0C91BC942}") = "SRAM", "Examples\SRAM\SRAM.vcxproj", "{0A5D4152-112A-4DC2-898A-D215E69B94A1}"
	ProjectSection(ProjectDependencies) = postProject
		{6758B909-1073-4903-BE25-6A63C5699BAC} = {6758B909-1073-4903-BE25-6A63C5699BAC}
		{CD73983D-0E15-4522-807A-8448DED63481} = {CD73983D-0E15-4522-807A-8448DED63481}
		{C6EFD753-5B9B-4412-AA2C-6AF8439C968A} = {C6EFD753-5B9B-4412-AA2C-6AF8439C968A}
		{0D186371-E32C-4F5E-91B6-565CD12503E0} = {0D186371-E32C-4F5E-91B6-565CD12503E0}
	EndProjectSection
EndProject
Project("{8BC9CEB8-8B4A-11D0-8D11-00A0C91BC942}") = "DisplayLibGL2010", "DisplayLib\OpenGL\DisplayLibGL2010.vcxproj", "{6758B909-1073-4903-BE25-6A63C5699BAC}"
EndProject
Project("{8BC9CEB8-8B4A-11D0-8D11-00A0C91BC942}") = "Audio", "Examples\Audio\Audio.vcxproj", "{8CB24CEF-9A94-4F17-97ED-9AD12347A3D1}"
	ProjectSection(ProjectDependencies) = postProject
		{6758B909-1073-4903-BE25-6A63C5699BAC} = {6758B909-1073-4903-BE25-6A63C5699BAC}
		{CD73983D-0E15-4522-807A-8448DED63481} = {CD73983D-0E15-4522-807A-8448DED63481}
		{C6EFD753-5B9B-4412-AA2C-6AF8439C968A} = {C6EFD753-5B9B-4412-AA2C-6AF8439C968A}
		{0D186371-E32C-4F5E-91B6-565CD12503E0} = {0D186371-E32C-4F5E-91B6-565CD12503E0}
	EndProjectSection
EndProject
Project("{8BC9CEB8-8B4A-11D0-8D11-00A0C91BC942}") = "Text", "Examples\Text\Text.vcxproj", "{8F819C01-AEE1-47F1-A569-46B3AB235996}"
	ProjectSection(ProjectDependencies) = postProject
		{6758B909-1073-4903-BE25-6A63C5699BAC} = {6758B909-1073-4903-BE25-6A63C5699BAC}
		{CD73983D-0E15-4522-807A-8448DED63481} = {CD73983D-0E15-4522-807A-8448DED63481}
		{C6EFD753-5B9B-4412-AA2C-6AF8439C968A} = {C6EFD753-5B9B-4412-AA2C-6AF8439C968A}
		{0D186371-E32C-4F5E-91B6-565CD12503E0} = {0D186371-E32C-4F5E-91B6-565CD12503E0}
		{A5A6CBFA-31DD-4F14-9C52-6CD4C1AD620D} = {A5A6CBFA-31DD-4F14-9C52-6CD4C1AD620D}
	EndProjectSection
EndProject
Project("{8BC9CEB8-8B4A-11D0-8D11-00A0C91BC942}") = "DuiLib2010", "External\DuiLib\Source Code\DuiLib2010.vcxproj", "{E106ACD7-4E53-4AEE-942B-D0DD426DB34E}"
EndProject
Project("{8BC9CEB8-8B4A-11D0-8D11-00A0C91BC942}") = "JoypadConfig", "Tools\JoypadConfig\ControllerConfig.vcxproj", "{E7528D19-F48E-4EF3-8BC6-D027570D92FA}"
EndProject
Project("{8BC9CEB8-8B4A-11D0-8D11-00A0C91BC942}") = "Joypad", "Examples\Joypad\Joypad.vcxproj", "{8A1386FF-C59B-479F-82E8-824870B39CF9}"
	ProjectSection(ProjectDependencies) = postProject
		{C6EFD753-5B9B-4412-AA2C-6AF8439C968A} = {C6EFD753-5B9B-4412-AA2C-6AF8439C968A}
		{0D186371-E32C-4F5E-91B6-565CD12503E0} = {0D186371-E32C-4F5E-91B6-565CD12503E0}
		{A5A6CBFA-31DD-4F14-9C52-6CD4C1AD620D} = {A5A6CBFA-31DD-4F14-9C52-6CD4C1AD620D}
	EndProjectSection
EndProject
Project("{8BC9CEB8-8B4A-11D0-8D11-00A0C91BC942}") = "NAnimConvert", "Tools\NAnimConvert\NAnimConvert.vcxproj", "{1189035E-F378-4ABA-809E-43EDF48D5175}"
EndProject
Project("{8BC9CEB8-8B4A-11D0-8D11-00A0C91BC942}") = "BLT", "Examples\BLT\BLT.vcxproj", "{9C7F236E-57B8-44E5-8BA9-FF2F9C641A49}"
	ProjectSection(ProjectDependencies) = postProject
		{0D186371-E32C-4F5E-91B6-565CD12503E0} = {0D186371-E32C-4F5E-91B6-565CD12503E0}
		{A5A6CBFA-31DD-4F14-9C52-6CD4C1AD620D} = {A5A6CBFA-31DD-4F14-9C52-6CD4C1AD620D}
	EndProjectSection
EndProject
Project("{8BC9CEB8-8B4A-11D0-8D11-00A0C91BC942}") = "Starter", "Examples\Starter\Starter.vcxproj", "{DC3902D6-FE55-406D-A0C0-2E7D0FBDC37D}"
EndProject
Project("{8BC9CEB8-8B4A-11D0-8D11-00A0C91BC942}") = "SoundLib2010", "SoundLib\Hekkus\SoundLib2010.vcxproj", "{8EE6D6EC-F626-4FC0-A15E-8CDEEDA8A34D}"
EndProject
Project("{8BC9CEB8-8B4A-11D0-8D11-00A0C91BC942}") = "SoundLib2010IrrKlang", "SoundLib\irrKlang\SoundLib2010IrrKlang.vcxproj", "{AF42DA9C-D9CC-457F-8F26-453C1B292D35}"
EndProject
Project("{8BC9CEB8-8B4A-11D0-8D11-00A0C91BC942}") = "DisplayLibAngle", "DisplayLib\OpenGL-ES2\DisplayLibAngle.vcxproj", "{16E4A2C8-984B-40C2-9FBD-BF77FECC4766}"
EndProject
Global
	GlobalSection(SolutionConfigurationPlatforms) = preSolution
		Debug|Win32 = Debug|Win32
		DebugAngle|Win32 = DebugAngle|Win32
		DebugGL|Win32 = DebugGL|Win32
		Release|Win32 = Release|Win32
		ReleaseAngle|Win32 = ReleaseAngle|Win32
		ReleaseGL|Win32 = ReleaseGL|Win32
	EndGlobalSection
	GlobalSection(ProjectConfigurationPlatforms) = postSolution
		{FAC3AFBD-79B5-499C-8FA0-3F8685271F84}.Debug|Win32.ActiveCfg = Debug|Win32
		{FAC3AFBD-79B5-499C-8FA0-3F8685271F84}.Debug|Win32.Build.0 = Debug|Win32
		{FAC3AFBD-79B5-499C-8FA0-3F8685271F84}.DebugAngle|Win32.ActiveCfg = DebugAngle|Win32
		{FAC3AFBD-79B5-499C-8FA0-3F8685271F84}.DebugAngle|Win32.Build.0 = DebugAngle|Win32
		{FAC3AFBD-79B5-499C-8FA0-3F8685271F84}.DebugGL|Win32.ActiveCfg = DebugGL|Win32
		{FAC3AFBD-79B5-499C-8FA0-3F8685271F84}.DebugGL|Win32.Build.0 = DebugGL|Win32
		{FAC3AFBD-79B5-499C-8FA0-3F8685271F84}.Release|Win32.ActiveCfg = Release|Win32
		{FAC3AFBD-79B5-499C-8FA0-3F8685271F84}.Release|Win32.Build.0 = Release|Win32
		{FAC3AFBD-79B5-499C-8FA0-3F8685271F84}.ReleaseAngle|Win32.ActiveCfg = ReleaseAngle|Win32
		{FAC3AFBD-79B5-499C-8FA0-3F8685271F84}.ReleaseAngle|Win32.Build.0 = ReleaseAngle|Win32
		{FAC3AFBD-79B5-499C-8FA0-3F8685271F84}.ReleaseGL|Win32.ActiveCfg = ReleaseGL|Win32
		{FAC3AFBD-79B5-499C-8FA0-3F8685271F84}.ReleaseGL|Win32.Build.0 = ReleaseGL|Win32
		{9FE1C6AE-8FA4-4731-A987-E358533AF09F}.Debug|Win32.ActiveCfg = Debug|Win32
		{9FE1C6AE-8FA4-4731-A987-E358533AF09F}.Debug|Win32.Build.0 = Debug|Win32
		{9FE1C6AE-8FA4-4731-A987-E358533AF09F}.DebugAngle|Win32.ActiveCfg = Debug|Win32
		{9FE1C6AE-8FA4-4731-A987-E358533AF09F}.DebugGL|Win32.ActiveCfg = Debug|Win32
		{9FE1C6AE-8FA4-4731-A987-E358533AF09F}.Release|Win32.ActiveCfg = Release|Win32
		{9FE1C6AE-8FA4-4731-A987-E358533AF09F}.Release|Win32.Build.0 = Release|Win32
		{9FE1C6AE-8FA4-4731-A987-E358533AF09F}.ReleaseAngle|Win32.ActiveCfg = Release|Win32
		{9FE1C6AE-8FA4-4731-A987-E358533AF09F}.ReleaseGL|Win32.ActiveCfg = Release|Win32
		{9FE1C6AE-8FA4-4731-A987-E358533AF09F}.ReleaseGL|Win32.Build.0 = Release|Win32
		{0794D849-D2B2-4F86-8006-8D3CE30897F5}.Debug|Win32.ActiveCfg = Debug|Win32
		{0794D849-D2B2-4F86-8006-8D3CE30897F5}.Debug|Win32.Build.0 = Debug|Win32
		{0794D849-D2B2-4F86-8006-8D3CE30897F5}.DebugAngle|Win32.ActiveCfg = Debug|Win32
		{0794D849-D2B2-4F86-8006-8D3CE30897F5}.DebugGL|Win32.ActiveCfg = Debug|Win32
		{0794D849-D2B2-4F86-8006-8D3CE30897F5}.Release|Win32.ActiveCfg = Release|Win32
		{0794D849-D2B2-4F86-8006-8D3CE30897F5}.Release|Win32.Build.0 = Release|Win32
		{0794D849-D2B2-4F86-8006-8D3CE30897F5}.ReleaseAngle|Win32.ActiveCfg = Release|Win32
		{0794D849-D2B2-4F86-8006-8D3CE30897F5}.ReleaseGL|Win32.ActiveCfg = Release|Win32
		{0794D849-D2B2-4F86-8006-8D3CE30897F5}.ReleaseGL|Win32.Build.0 = Release|Win32
		{2F49EDBA-80F0-43D9-A51B-B3896F4503C8}.Debug|Win32.ActiveCfg = Debug|Win32
		{2F49EDBA-80F0-43D9-A51B-B3896F4503C8}.Debug|Win32.Build.0 = Debug|Win32
		{2F49EDBA-80F0-43D9-A51B-B3896F4503C8}.DebugAngle|Win32.ActiveCfg = DebugAngle|Win32
		{2F49EDBA-80F0-43D9-A51B-B3896F4503C8}.DebugGL|Win32.ActiveCfg = DebugGL|Win32
		{2F49EDBA-80F0-43D9-A51B-B3896F4503C8}.Release|Win32.ActiveCfg = Release|Win32
		{2F49EDBA-80F0-43D9-A51B-B3896F4503C8}.Release|Win32.Build.0 = Release|Win32
		{2F49EDBA-80F0-43D9-A51B-B3896F4503C8}.ReleaseAngle|Win32.ActiveCfg = ReleaseAngle|Win32
		{2F49EDBA-80F0-43D9-A51B-B3896F4503C8}.ReleaseAngle|Win32.Build.0 = ReleaseAngle|Win32
		{2F49EDBA-80F0-43D9-A51B-B3896F4503C8}.ReleaseGL|Win32.ActiveCfg = ReleaseGL|Win32
		{2F49EDBA-80F0-43D9-A51B-B3896F4503C8}.ReleaseGL|Win32.Build.0 = ReleaseGL|Win32
		{183A7A26-B0D2-4F55-8F24-EF9E62E697CF}.Debug|Win32.ActiveCfg = Debug|Win32
		{183A7A26-B0D2-4F55-8F24-EF9E62E697CF}.Debug|Win32.Build.0 = Debug|Win32
		{183A7A26-B0D2-4F55-8F24-EF9E62E697CF}.DebugAngle|Win32.ActiveCfg = DebugAngle|Win32
		{183A7A26-B0D2-4F55-8F24-EF9E62E697CF}.DebugAngle|Win32.Build.0 = DebugAngle|Win32
		{183A7A26-B0D2-4F55-8F24-EF9E62E697CF}.DebugGL|Win32.ActiveCfg = DebugGL|Win32
		{183A7A26-B0D2-4F55-8F24-EF9E62E697CF}.DebugGL|Win32.Build.0 = DebugGL|Win32
		{183A7A26-B0D2-4F55-8F24-EF9E62E697CF}.Release|Win32.ActiveCfg = Release|Win32
		{183A7A26-B0D2-4F55-8F24-EF9E62E697CF}.Release|Win32.Build.0 = Release|Win32
		{183A7A26-B0D2-4F55-8F24-EF9E62E697CF}.ReleaseAngle|Win32.ActiveCfg = ReleaseAngle|Win32
		{183A7A26-B0D2-4F55-8F24-EF9E62E697CF}.ReleaseAngle|Win32.Build.0 = ReleaseAngle|Win32
		{183A7A26-B0D2-4F55-8F24-EF9E62E697CF}.ReleaseGL|Win32.ActiveCfg = ReleaseGL|Win32
		{183A7A26-B0D2-4F55-8F24-EF9E62E697CF}.ReleaseGL|Win32.Build.0 = ReleaseGL|Win32
		{6101B825-0E42-440F-A964-40F844557F31}.Debug|Win32.ActiveCfg = Debug|Win32
		{6101B825-0E42-440F-A964-40F844557F31}.Debug|Win32.Build.0 = Debug|Win32
		{6101B825-0E42-440F-A964-40F844557F31}.DebugAngle|Win32.ActiveCfg = DebugAngle|Win32
		{6101B825-0E42-440F-A964-40F844557F31}.DebugAngle|Win32.Build.0 = DebugAngle|Win32
		{6101B825-0E42-440F-A964-40F844557F31}.DebugGL|Win32.ActiveCfg = DebugGL|Win32
		{6101B825-0E42-440F-A964-40F844557F31}.DebugGL|Win32.Build.0 = DebugGL|Win32
		{6101B825-0E42-440F-A964-40F844557F31}.Release|Win32.ActiveCfg = Release|Win32
		{6101B825-0E42-440F-A964-40F844557F31}.Release|Win32.Build.0 = Release|Win32
		{6101B825-0E42-440F-A964-40F844557F31}.ReleaseAngle|Win32.ActiveCfg = ReleaseAngle|Win32
		{6101B825-0E42-440F-A964-40F844557F31}.ReleaseAngle|Win32.Build.0 = ReleaseAngle|Win32
		{6101B825-0E42-440F-A964-40F844557F31}.ReleaseGL|Win32.ActiveCfg = ReleaseGL|Win32
		{6101B825-0E42-440F-A964-40F844557F31}.ReleaseGL|Win32.Build.0 = ReleaseGL|Win32
		{C6EFD753-5B9B-4412-AA2C-6AF8439C968A}.Debug|Win32.ActiveCfg = Debug|Win32
		{C6EFD753-5B9B-4412-AA2C-6AF8439C968A}.Debug|Win32.Build.0 = Debug|Win32
		{C6EFD753-5B9B-4412-AA2C-6AF8439C968A}.DebugAngle|Win32.ActiveCfg = DebugAngle|Win32
		{C6EFD753-5B9B-4412-AA2C-6AF8439C968A}.DebugAngle|Win32.Build.0 = DebugAngle|Win32
		{C6EFD753-5B9B-4412-AA2C-6AF8439C968A}.DebugGL|Win32.ActiveCfg = Debug|Win32
		{C6EFD753-5B9B-4412-AA2C-6AF8439C968A}.DebugGL|Win32.Build.0 = Debug|Win32
		{C6EFD753-5B9B-4412-AA2C-6AF8439C968A}.Release|Win32.ActiveCfg = Release|Win32
		{C6EFD753-5B9B-4412-AA2C-6AF8439C968A}.Release|Win32.Build.0 = Release|Win32
		{C6EFD753-5B9B-4412-AA2C-6AF8439C968A}.ReleaseAngle|Win32.ActiveCfg = ReleaseAngle|Win32
		{C6EFD753-5B9B-4412-AA2C-6AF8439C968A}.ReleaseAngle|Win32.Build.0 = ReleaseAngle|Win32
		{C6EFD753-5B9B-4412-AA2C-6AF8439C968A}.ReleaseGL|Win32.ActiveCfg = ReleaseGL|Win32
		{C6EFD753-5B9B-4412-AA2C-6AF8439C968A}.ReleaseGL|Win32.Build.0 = ReleaseGL|Win32
		{0D186371-E32C-4F5E-91B6-565CD12503E0}.Debug|Win32.ActiveCfg = Debug|Win32
		{0D186371-E32C-4F5E-91B6-565CD12503E0}.Debug|Win32.Build.0 = Debug|Win32
		{0D186371-E32C-4F5E-91B6-565CD12503E0}.DebugAngle|Win32.ActiveCfg = DebugAngle|Win32
		{0D186371-E32C-4F5E-91B6-565CD12503E0}.DebugAngle|Win32.Build.0 = DebugAngle|Win32
		{0D186371-E32C-4F5E-91B6-565CD12503E0}.DebugGL|Win32.ActiveCfg = Debug|Win32
		{0D186371-E32C-4F5E-91B6-565CD12503E0}.DebugGL|Win32.Build.0 = Debug|Win32
		{0D186371-E32C-4F5E-91B6-565CD12503E0}.Release|Win32.ActiveCfg = Release|Win32
		{0D186371-E32C-4F5E-91B6-565CD12503E0}.Release|Win32.Build.0 = Release|Win32
		{0D186371-E32C-4F5E-91B6-565CD12503E0}.ReleaseAngle|Win32.ActiveCfg = ReleaseAngle|Win32
		{0D186371-E32C-4F5E-91B6-565CD12503E0}.ReleaseAngle|Win32.Build.0 = ReleaseAngle|Win32
		{0D186371-E32C-4F5E-91B6-565CD12503E0}.ReleaseGL|Win32.ActiveCfg = ReleaseGL|Win32
		{0D186371-E32C-4F5E-91B6-565CD12503E0}.ReleaseGL|Win32.Build.0 = ReleaseGL|Win32
		{48ED15A1-2E9A-450D-BB57-A171439475B9}.Debug|Win32.ActiveCfg = Debug|Win32
		{48ED15A1-2E9A-450D-BB57-A171439475B9}.Debug|Win32.Build.0 = Debug|Win32
		{48ED15A1-2E9A-450D-BB57-A171439475B9}.DebugAngle|Win32.ActiveCfg = DebugAngle|Win32
		{48ED15A1-2E9A-450D-BB57-A171439475B9}.DebugGL|Win32.ActiveCfg = Debug|Win32
		{48ED15A1-2E9A-450D-BB57-A171439475B9}.Release|Win32.ActiveCfg = Release|Win32
		{48ED15A1-2E9A-450D-BB57-A171439475B9}.Release|Win32.Build.0 = Release|Win32
		{48ED15A1-2E9A-450D-BB57-A171439475B9}.ReleaseAngle|Win32.ActiveCfg = ReleaseAngle|Win32
		{48ED15A1-2E9A-450D-BB57-A171439475B9}.ReleaseGL|Win32.ActiveCfg = ReleaseGL|Win32
		{94178B7D-8EE1-45D4-AF76-B9F188BE76D9}.Debug|Win32.ActiveCfg = Debug|Win32
		{94178B7D-8EE1-45D4-AF76-B9F188BE76D9}.Debug|Win32.Build.0 = Debug|Win32
		{94178B7D-8EE1-45D4-AF76-B9F188BE76D9}.DebugAngle|Win32.ActiveCfg = Debug|Win32
		{94178B7D-8EE1-45D4-AF76-B9F188BE76D9}.DebugGL|Win32.ActiveCfg = Debug|Win32
		{94178B7D-8EE1-45D4-AF76-B9F188BE76D9}.Release|Win32.ActiveCfg = Release|Win32
		{94178B7D-8EE1-45D4-AF76-B9F188BE76D9}.Release|Win32.Build.0 = Release|Win32
		{94178B7D-8EE1-45D4-AF76-B9F188BE76D9}.ReleaseAngle|Win32.ActiveCfg = Release|Win32
		{94178B7D-8EE1-45D4-AF76-B9F188BE76D9}.ReleaseGL|Win32.ActiveCfg = Release|Win32
		{94178B7D-8EE1-45D4-AF76-B9F188BE76D9}.ReleaseGL|Win32.Build.0 = Release|Win32
		{ED2D5ED2-2CC2-4704-9556-C394FFBD315C}.Debug|Win32.ActiveCfg = Debug|Win32
		{ED2D5ED2-2CC2-4704-9556-C394FFBD315C}.Debug|Win32.Build.0 = Debug|Win32
		{ED2D5ED2-2CC2-4704-9556-C394FFBD315C}.DebugAngle|Win32.ActiveCfg = Debug|Win32
		{ED2D5ED2-2CC2-4704-9556-C394FFBD315C}.DebugGL|Win32.ActiveCfg = Debug|Win32
		{ED2D5ED2-2CC2-4704-9556-C394FFBD315C}.Release|Win32.ActiveCfg = Release|Win32
		{ED2D5ED2-2CC2-4704-9556-C394FFBD315C}.Release|Win32.Build.0 = Release|Win32
		{ED2D5ED2-2CC2-4704-9556-C394FFBD315C}.ReleaseAngle|Win32.ActiveCfg = Release|Win32
		{ED2D5ED2-2CC2-4704-9556-C394FFBD315C}.ReleaseGL|Win32.ActiveCfg = Release|Win32
		{ED2D5ED2-2CC2-4704-9556-C394FFBD315C}.ReleaseGL|Win32.Build.0 = Release|Win32
		{C1608917-B850-4C2A-86A9-0A7C34091E82}.Debug|Win32.ActiveCfg = Debug|Win32
		{C1608917-B850-4C2A-86A9-0A7C34091E82}.Debug|Win32.Build.0 = Debug|Win32
		{C1608917-B850-4C2A-86A9-0A7C34091E82}.DebugAngle|Win32.ActiveCfg = Debug|Win32
		{C1608917-B850-4C2A-86A9-0A7C34091E82}.DebugGL|Win32.ActiveCfg = Debug|Win32
		{C1608917-B850-4C2A-86A9-0A7C34091E82}.Release|Win32.ActiveCfg = Release|Win32
		{C1608917-B850-4C2A-86A9-0A7C34091E82}.Release|Win32.Build.0 = Release|Win32
		{C1608917-B850-4C2A-86A9-0A7C34091E82}.ReleaseAngle|Win32.ActiveCfg = Release|Win32
		{C1608917-B850-4C2A-86A9-0A7C34091E82}.ReleaseGL|Win32.ActiveCfg = Release|Win32
		{C1608917-B850-4C2A-86A9-0A7C34091E82}.ReleaseGL|Win32.Build.0 = Release|Win32
		{CD73983D-0E15-4522-807A-8448DED63481}.Debug|Win32.ActiveCfg = Debug|Win32
		{CD73983D-0E15-4522-807A-8448DED63481}.Debug|Win32.Build.0 = Debug|Win32
		{CD73983D-0E15-4522-807A-8448DED63481}.DebugAngle|Win32.ActiveCfg = Debug|Win32
		{CD73983D-0E15-4522-807A-8448DED63481}.DebugGL|Win32.ActiveCfg = Debug|Win32
		{CD73983D-0E15-4522-807A-8448DED63481}.Release|Win32.ActiveCfg = Release|Win32
		{CD73983D-0E15-4522-807A-8448DED63481}.Release|Win32.Build.0 = Release|Win32
		{CD73983D-0E15-4522-807A-8448DED63481}.ReleaseAngle|Win32.ActiveCfg = Release|Win32
		{CD73983D-0E15-4522-807A-8448DED63481}.ReleaseGL|Win32.ActiveCfg = Release|Win32
		{CD73983D-0E15-4522-807A-8448DED63481}.ReleaseGL|Win32.Build.0 = Release|Win32
		{A5A6CBFA-31DD-4F14-9C52-6CD4C1AD620D}.Debug|Win32.ActiveCfg = Debug|Win32
		{A5A6CBFA-31DD-4F14-9C52-6CD4C1AD620D}.Debug|Win32.Build.0 = Debug|Win32
		{A5A6CBFA-31DD-4F14-9C52-6CD4C1AD620D}.DebugAngle|Win32.ActiveCfg = Debug|Win32
		{A5A6CBFA-31DD-4F14-9C52-6CD4C1AD620D}.DebugAngle|Win32.Build.0 = Debug|Win32
		{A5A6CBFA-31DD-4F14-9C52-6CD4C1AD620D}.DebugGL|Win32.ActiveCfg = Debug|Win32
		{A5A6CBFA-31DD-4F14-9C52-6CD4C1AD620D}.DebugGL|Win32.Build.0 = Debug|Win32
		{A5A6CBFA-31DD-4F14-9C52-6CD4C1AD620D}.Release|Win32.ActiveCfg = Release|Win32
		{A5A6CBFA-31DD-4F14-9C52-6CD4C1AD620D}.Release|Win32.Build.0 = Release|Win32
		{A5A6CBFA-31DD-4F14-9C52-6CD4C1AD620D}.ReleaseAngle|Win32.ActiveCfg = Release|Win32
		{A5A6CBFA-31DD-4F14-9C52-6CD4C1AD620D}.ReleaseAngle|Win32.Build.0 = Release|Win32
		{A5A6CBFA-31DD-4F14-9C52-6CD4C1AD620D}.ReleaseGL|Win32.ActiveCfg = Release|Win32
		{A5A6CBFA-31DD-4F14-9C52-6CD4C1AD620D}.ReleaseGL|Win32.Build.0 = Release|Win32
		{D26B7A61-D562-4B47-A517-3360AB83AC84}.Debug|Win32.ActiveCfg = Debug|Win32
		{D26B7A61-D562-4B47-A517-3360AB83AC84}.Debug|Win32.Build.0 = Debug|Win32
		{D26B7A61-D562-4B47-A517-3360AB83AC84}.DebugAngle|Win32.ActiveCfg = Debug|Win32
		{D26B7A61-D562-4B47-A517-3360AB83AC84}.DebugGL|Win32.ActiveCfg = Debug|Win32
		{D26B7A61-D562-4B47-A517-3360AB83AC84}.Release|Win32.ActiveCfg = Release|Win32
		{D26B7A61-D562-4B47-A517-3360AB83AC84}.Release|Win32.Build.0 = Release|Win32
		{D26B7A61-D562-4B47-A517-3360AB83AC84}.ReleaseAngle|Win32.ActiveCfg = Release|Win32
		{D26B7A61-D562-4B47-A517-3360AB83AC84}.ReleaseGL|Win32.ActiveCfg = Release|Win32
		{D26B7A61-D562-4B47-A517-3360AB83AC84}.ReleaseGL|Win32.Build.0 = Release|Win32
		{0A5D4152-112A-4DC2-898A-D215E69B94A1}.Debug|Win32.ActiveCfg = Debug|Win32
		{0A5D4152-112A-4DC2-898A-D215E69B94A1}.Debug|Win32.Build.0 = Debug|Win32
		{0A5D4152-112A-4DC2-898A-D215E69B94A1}.DebugAngle|Win32.ActiveCfg = DebugAngle|Win32
		{0A5D4152-112A-4DC2-898A-D215E69B94A1}.DebugAngle|Win32.Build.0 = DebugAngle|Win32
		{0A5D4152-112A-4DC2-898A-D215E69B94A1}.DebugGL|Win32.ActiveCfg = DebugGL|Win32
		{0A5D4152-112A-4DC2-898A-D215E69B94A1}.DebugGL|Win32.Build.0 = DebugGL|Win32
		{0A5D4152-112A-4DC2-898A-D215E69B94A1}.Release|Win32.ActiveCfg = Release|Win32
		{0A5D4152-112A-4DC2-898A-D215E69B94A1}.Release|Win32.Build.0 = Release|Win32
		{0A5D4152-112A-4DC2-898A-D215E69B94A1}.ReleaseAngle|Win32.ActiveCfg = ReleaseAngle|Win32
		{0A5D4152-112A-4DC2-898A-D215E69B94A1}.ReleaseAngle|Win32.Build.0 = ReleaseAngle|Win32
		{0A5D4152-112A-4DC2-898A-D215E69B94A1}.ReleaseGL|Win32.ActiveCfg = ReleaseGL|Win32
		{0A5D4152-112A-4DC2-898A-D215E69B94A1}.ReleaseGL|Win32.Build.0 = ReleaseGL|Win32
		{6758B909-1073-4903-BE25-6A63C5699BAC}.Debug|Win32.ActiveCfg = Debug|Win32
		{6758B909-1073-4903-BE25-6A63C5699BAC}.DebugAngle|Win32.ActiveCfg = Debug|Win32
		{6758B909-1073-4903-BE25-6A63C5699BAC}.DebugGL|Win32.ActiveCfg = Debug|Win32
		{6758B909-1073-4903-BE25-6A63C5699BAC}.DebugGL|Win32.Build.0 = Debug|Win32
		{6758B909-1073-4903-BE25-6A63C5699BAC}.Release|Win32.ActiveCfg = ReleaseGL|Win32
		{6758B909-1073-4903-BE25-6A63C5699BAC}.ReleaseAngle|Win32.ActiveCfg = ReleaseGL|Win32
		{6758B909-1073-4903-BE25-6A63C5699BAC}.ReleaseGL|Win32.ActiveCfg = ReleaseGL|Win32
		{6758B909-1073-4903-BE25-6A63C5699BAC}.ReleaseGL|Win32.Build.0 = ReleaseGL|Win32
		{8CB24CEF-9A94-4F17-97ED-9AD12347A3D1}.Debug|Win32.ActiveCfg = Debug|Win32
		{8CB24CEF-9A94-4F17-97ED-9AD12347A3D1}.Debug|Win32.Build.0 = Debug|Win32
		{8CB24CEF-9A94-4F17-97ED-9AD12347A3D1}.DebugAngle|Win32.ActiveCfg = DebugAngle|Win32
		{8CB24CEF-9A94-4F17-97ED-9AD12347A3D1}.DebugAngle|Win32.Build.0 = DebugAngle|Win32
		{8CB24CEF-9A94-4F17-97ED-9AD12347A3D1}.DebugGL|Win32.ActiveCfg = Debug|Win32
		{8CB24CEF-9A94-4F17-97ED-9AD12347A3D1}.DebugGL|Win32.Build.0 = Debug|Win32
		{8CB24CEF-9A94-4F17-97ED-9AD12347A3D1}.Release|Win32.ActiveCfg = Release|Win32
		{8CB24CEF-9A94-4F17-97ED-9AD12347A3D1}.Release|Win32.Build.0 = Release|Win32
		{8CB24CEF-9A94-4F17-97ED-9AD12347A3D1}.ReleaseAngle|Win32.ActiveCfg = ReleaseAngle|Win32
		{8CB24CEF-9A94-4F17-97ED-9AD12347A3D1}.ReleaseAngle|Win32.Build.0 = ReleaseAngle|Win32
		{8CB24CEF-9A94-4F17-97ED-9AD12347A3D1}.ReleaseGL|Win32.ActiveCfg = Release|Win32
		{8CB24CEF-9A94-4F17-97ED-9AD12347A3D1}.ReleaseGL|Win32.Build.0 = Release|Win32
		{8F819C01-AEE1-47F1-A569-46B3AB235996}.Debug|Win32.ActiveCfg = Debug|Win32
		{8F819C01-AEE1-47F1-A569-46B3AB235996}.Debug|Win32.Build.0 = Debug|Win32
		{8F819C01-AEE1-47F1-A569-46B3AB235996}.DebugAngle|Win32.ActiveCfg = DebugAngle|Win32
		{8F819C01-AEE1-47F1-A569-46B3AB235996}.DebugAngle|Win32.Build.0 = DebugAngle|Win32
		{8F819C01-AEE1-47F1-A569-46B3AB235996}.DebugGL|Win32.ActiveCfg = DebugGL|Win32
		{8F819C01-AEE1-47F1-A569-46B3AB235996}.DebugGL|Win32.Build.0 = DebugGL|Win32
		{8F819C01-AEE1-47F1-A569-46B3AB235996}.Release|Win32.ActiveCfg = Release|Win32
		{8F819C01-AEE1-47F1-A569-46B3AB235996}.Release|Win32.Build.0 = Release|Win32
		{8F819C01-AEE1-47F1-A569-46B3AB235996}.ReleaseAngle|Win32.ActiveCfg = ReleaseAngle|Win32
		{8F819C01-AEE1-47F1-A569-46B3AB235996}.ReleaseAngle|Win32.Build.0 = ReleaseAngle|Win32
		{8F819C01-AEE1-47F1-A569-46B3AB235996}.ReleaseGL|Win32.ActiveCfg = ReleaseGL|Win32
		{8F819C01-AEE1-47F1-A569-46B3AB235996}.ReleaseGL|Win32.Build.0 = ReleaseGL|Win32
		{E106ACD7-4E53-4AEE-942B-D0DD426DB34E}.Debug|Win32.ActiveCfg = Debug|Win32
		{E106ACD7-4E53-4AEE-942B-D0DD426DB34E}.Debug|Win32.Build.0 = Debug|Win32
		{E106ACD7-4E53-4AEE-942B-D0DD426DB34E}.DebugAngle|Win32.ActiveCfg = Debug|Win32
		{E106ACD7-4E53-4AEE-942B-D0DD426DB34E}.DebugAngle|Win32.Build.0 = Debug|Win32
		{E106ACD7-4E53-4AEE-942B-D0DD426DB34E}.DebugGL|Win32.ActiveCfg = Debug|Win32
		{E106ACD7-4E53-4AEE-942B-D0DD426DB34E}.DebugGL|Win32.Build.0 = Debug|Win32
		{E106ACD7-4E53-4AEE-942B-D0DD426DB34E}.Release|Win32.ActiveCfg = Release|Win32
		{E106ACD7-4E53-4AEE-942B-D0DD426DB34E}.Release|Win32.Build.0 = Release|Win32
		{E106ACD7-4E53-4AEE-942B-D0DD426DB34E}.ReleaseAngle|Win32.ActiveCfg = Release|Win32
		{E106ACD7-4E53-4AEE-942B-D0DD426DB34E}.ReleaseGL|Win32.ActiveCfg = Release|Win32
		{E106ACD7-4E53-4AEE-942B-D0DD426DB34E}.ReleaseGL|Win32.Build.0 = Release|Win32
		{E7528D19-F48E-4EF3-8BC6-D027570D92FA}.Debug|Win32.ActiveCfg = Debug|Win32
		{E7528D19-F48E-4EF3-8BC6-D027570D92FA}.Debug|Win32.Build.0 = Debug|Win32
		{E7528D19-F48E-4EF3-8BC6-D027570D92FA}.DebugAngle|Win32.ActiveCfg = Debug|Win32
		{E7528D19-F48E-4EF3-8BC6-D027570D92FA}.DebugGL|Win32.ActiveCfg = Debug|Win32
		{E7528D19-F48E-4EF3-8BC6-D027570D92FA}.Release|Win32.ActiveCfg = Release|Win32
		{E7528D19-F48E-4EF3-8BC6-D027570D92FA}.Release|Win32.Build.0 = Release|Win32
		{E7528D19-F48E-4EF3-8BC6-D027570D92FA}.ReleaseAngle|Win32.ActiveCfg = Release|Win32
		{E7528D19-F48E-4EF3-8BC6-D027570D92FA}.ReleaseGL|Win32.ActiveCfg = Release|Win32
		{8A1386FF-C59B-479F-82E8-824870B39CF9}.Debug|Win32.ActiveCfg = Debug|Win32
		{8A1386FF-C59B-479F-82E8-824870B39CF9}.Debug|Win32.Build.0 = Debug|Win32
		{8A1386FF-C59B-479F-82E8-824870B39CF9}.DebugAngle|Win32.ActiveCfg = DebugAngle|Win32
		{8A1386FF-C59B-479F-82E8-824870B39CF9}.DebugAngle|Win32.Build.0 = DebugAngle|Win32
		{8A1386FF-C59B-479F-82E8-824870B39CF9}.DebugGL|Win32.ActiveCfg = DebugGL|Win32
		{8A1386FF-C59B-479F-82E8-824870B39CF9}.DebugGL|Win32.Build.0 = DebugGL|Win32
		{8A1386FF-C59B-479F-82E8-824870B39CF9}.Release|Win32.ActiveCfg = Release|Win32
		{8A1386FF-C59B-479F-82E8-824870B39CF9}.Release|Win32.Build.0 = Release|Win32
		{8A1386FF-C59B-479F-82E8-824870B39CF9}.ReleaseAngle|Win32.ActiveCfg = ReleaseAngle|Win32
		{8A1386FF-C59B-479F-82E8-824870B39CF9}.ReleaseAngle|Win32.Build.0 = ReleaseAngle|Win32
		{8A1386FF-C59B-479F-82E8-824870B39CF9}.ReleaseGL|Win32.ActiveCfg = ReleaseGL|Win32
		{8A1386FF-C59B-479F-82E8-824870B39CF9}.ReleaseGL|Win32.Build.0 = ReleaseGL|Win32
		{1189035E-F378-4ABA-809E-43EDF48D5175}.Debug|Win32.ActiveCfg = Debug|Win32
		{1189035E-F378-4ABA-809E-43EDF48D5175}.Debug|Win32.Build.0 = Debug|Win32
		{1189035E-F378-4ABA-809E-43EDF48D5175}.DebugAngle|Win32.ActiveCfg = Debug|Win32
		{1189035E-F378-4ABA-809E-43EDF48D5175}.DebugGL|Win32.ActiveCfg = Debug|Win32
		{1189035E-F378-4ABA-809E-43EDF48D5175}.Release|Win32.ActiveCfg = Release|Win32
		{1189035E-F378-4ABA-809E-43EDF48D5175}.Release|Win32.Build.0 = Release|Win32
		{1189035E-F378-4ABA-809E-43EDF48D5175}.ReleaseAngle|Win32.ActiveCfg = Release|Win32
		{1189035E-F378-4ABA-809E-43EDF48D5175}.ReleaseGL|Win32.ActiveCfg = Release|Win32
		{1189035E-F378-4ABA-809E-43EDF48D5175}.ReleaseGL|Win32.Build.0 = Release|Win32
		{9C7F236E-57B8-44E5-8BA9-FF2F9C641A49}.Debug|Win32.ActiveCfg = Debug|Win32
		{9C7F236E-57B8-44E5-8BA9-FF2F9C641A49}.Debug|Win32.Build.0 = Debug|Win32
		{9C7F236E-57B8-44E5-8BA9-FF2F9C641A49}.DebugAngle|Win32.ActiveCfg = DebugAngle|Win32
		{9C7F236E-57B8-44E5-8BA9-FF2F9C641A49}.DebugAngle|Win32.Build.0 = DebugAngle|Win32
		{9C7F236E-57B8-44E5-8BA9-FF2F9C641A49}.DebugGL|Win32.ActiveCfg = DebugGL|Win32
		{9C7F236E-57B8-44E5-8BA9-FF2F9C641A49}.DebugGL|Win32.Build.0 = DebugGL|Win32
		{9C7F236E-57B8-44E5-8BA9-FF2F9C641A49}.Release|Win32.ActiveCfg = Release|Win32
		{9C7F236E-57B8-44E5-8BA9-FF2F9C641A49}.Release|Win32.Build.0 = Release|Win32
		{9C7F236E-57B8-44E5-8BA9-FF2F9C641A49}.ReleaseAngle|Win32.ActiveCfg = ReleaseAngle|Win32
		{9C7F236E-57B8-44E5-8BA9-FF2F9C641A49}.ReleaseAngle|Win32.Build.0 = ReleaseAngle|Win32
		{9C7F236E-57B8-44E5-8BA9-FF2F9C641A49}.ReleaseGL|Win32.ActiveCfg = ReleaseGL|Win32
		{9C7F236E-57B8-44E5-8BA9-FF2F9C641A49}.ReleaseGL|Win32.Build.0 = ReleaseGL|Win32
		{DC3902D6-FE55-406D-A0C0-2E7D0FBDC37D}.Debug|Win32.ActiveCfg = Debug|Win32
		{DC3902D6-FE55-406D-A0C0-2E7D0FBDC37D}.Debug|Win32.Build.0 = Debug|Win32
		{DC3902D6-FE55-406D-A0C0-2E7D0FBDC37D}.DebugAngle|Win32.ActiveCfg = DebugAngle|Win32
		{DC3902D6-FE55-406D-A0C0-2E7D0FBDC37D}.DebugAngle|Win32.Build.0 = DebugAngle|Win32
		{DC3902D6-FE55-406D-A0C0-2E7D0FBDC37D}.DebugGL|Win32.ActiveCfg = DebugGL|Win32
		{DC3902D6-FE55-406D-A0C0-2E7D0FBDC37D}.DebugGL|Win32.Build.0 = DebugGL|Win32
		{DC3902D6-FE55-406D-A0C0-2E7D0FBDC37D}.Release|Win32.ActiveCfg = Release|Win32
		{DC3902D6-FE55-406D-A0C0-2E7D0FBDC37D}.Release|Win32.Build.0 = Release|Win32
		{DC3902D6-FE55-406D-A0C0-2E7D0FBDC37D}.ReleaseAngle|Win32.ActiveCfg = ReleaseAngle|Win32
		{DC3902D6-FE55-406D-A0C0-2E7D0FBDC37D}.ReleaseAngle|Win32.Build.0 = ReleaseAngle|Win32
		{DC3902D6-FE55-406D-A0C0-2E7D0FBDC37D}.ReleaseGL|Win32.ActiveCfg = ReleaseGL|Win32
		{DC3902D6-FE55-406D-A0C0-2E7D0FBDC37D}.ReleaseGL|Win32.Build.0 = ReleaseGL|Win32
		{8EE6D6EC-F626-4FC0-A15E-8CDEEDA8A34D}.Debug|Win32.ActiveCfg = Debug|Win32
		{8EE6D6EC-F626-4FC0-A15E-8CDEEDA8A34D}.Debug|Win32.Build.0 = Debug|Win32
		{8EE6D6EC-F626-4FC0-A15E-8CDEEDA8A34D}.DebugAngle|Win32.ActiveCfg = Debug|Win32
		{8EE6D6EC-F626-4FC0-A15E-8CDEEDA8A34D}.DebugAngle|Win32.Build.0 = Debug|Win32
		{8EE6D6EC-F626-4FC0-A15E-8CDEEDA8A34D}.DebugGL|Win32.ActiveCfg = Debug|Win32
		{8EE6D6EC-F626-4FC0-A15E-8CDEEDA8A34D}.DebugGL|Win32.Build.0 = Debug|Win32
		{8EE6D6EC-F626-4FC0-A15E-8CDEEDA8A34D}.Release|Win32.ActiveCfg = Release|Win32
		{8EE6D6EC-F626-4FC0-A15E-8CDEEDA8A34D}.Release|Win32.Build.0 = Release|Win32
		{8EE6D6EC-F626-4FC0-A15E-8CDEEDA8A34D}.ReleaseAngle|Win32.ActiveCfg = Release|Win32
		{8EE6D6EC-F626-4FC0-A15E-8CDEEDA8A34D}.ReleaseAngle|Win32.Build.0 = Release|Win32
		{8EE6D6EC-F626-4FC0-A15E-8CDEEDA8A34D}.ReleaseGL|Win32.ActiveCfg = Release|Win32
		{8EE6D6EC-F626-4FC0-A15E-8CDEEDA8A34D}.ReleaseGL|Win32.Build.0 = Release|Win32
		{AF42DA9C-D9CC-457F-8F26-453C1B292D35}.Debug|Win32.ActiveCfg = Debug|Win32
		{AF42DA9C-D9CC-457F-8F26-453C1B292D35}.Debug|Win32.Build.0 = Debug|Win32
		{AF42DA9C-D9CC-457F-8F26-453C1B292D35}.DebugAngle|Win32.ActiveCfg = Debug|Win32
		{AF42DA9C-D9CC-457F-8F26-453C1B292D35}.DebugAngle|Win32.Build.0 = Debug|Win32
		{AF42DA9C-D9CC-457F-8F26-453C1B292D35}.DebugGL|Win32.ActiveCfg = Debug|Win32
		{AF42DA9C-D9CC-457F-8F26-453C1B292D35}.DebugGL|Win32.Build.0 = Debug|Win32
		{AF42DA9C-D9CC-457F-8F26-453C1B292D35}.Release|Win32.ActiveCfg = Release|Win32
		{AF42DA9C-D9CC-457F-8F26-453C1B292D35}.Release|Win32.Build.0 = Release|Win32
		{AF42DA9C-D9CC-457F-8F26-453C1B292D35}.ReleaseAngle|Win32.ActiveCfg = Release|Win32
		{AF42DA9C-D9CC-457F-8F26-453C1B292D35}.ReleaseAngle|Win32.Build.0 = Release|Win32
		{AF42DA9C-D9CC-457F-8F26-453C1B292D35}.ReleaseGL|Win32.ActiveCfg = Release|Win32
		{AF42DA9C-D9CC-457F-8F26-453C1B292D35}.ReleaseGL|Win32.Build.0 = Release|Win32
		{16E4A2C8-984B-40C2-9FBD-BF77FECC4766}.Debug|Win32.ActiveCfg = Debug|Win32
		{16E4A2C8-984B-40C2-9FBD-BF77FECC4766}.DebugAngle|Win32.ActiveCfg = DebugAngle|Win32
		{16E4A2C8-984B-40C2-9FBD-BF77FECC4766}.DebugAngle|Win32.Build.0 = DebugAngle|Win32
		{16E4A2C8-984B-40C2-9FBD-BF77FECC4766}.DebugGL|Win32.ActiveCfg = Debug|Win32
		{16E4A2C8-984B-40C2-9FBD-BF77FECC4766}.Release|Win32.ActiveCfg = Release|Win32
		{16E4A2C8-984B-40C2-9FBD-BF77FECC4766}.ReleaseAngle|Win32.ActiveCfg = ReleaseAngle|Win32
		{16E4A2C8-984B-40C2-9FBD-BF77FECC4766}.ReleaseAngle|Win32.Build.0 = ReleaseAngle|Win32
		{16E4A2C8-984B-40C2-9FBD-BF77FECC4766}.ReleaseGL|Win32.ActiveCfg = ReleaseGL|Win32
	EndGlobalSection
	GlobalSection(SolutionProperties) = preSolution
		HideSolutionNode = FALSE
	EndGlobalSection
EndGlobal
