
Microsoft Visual Studio Solution File, Format Version 11.00
# Visual Studio 2010
Project("{8BC9CEB8-8B4A-11D0-8D11-00A0C91BC942}") = "Platform", "Platform.vcxproj", "{A6EA0ED8-F482-4969-B3C9-06F521D9A192}"
EndProject
Global
	GlobalSection(SolutionConfigurationPlatforms) = preSolution
		Debug|Emscripten = Debug|Emscripten
		Debug|Win32 = Debug|Win32
		Release|Emscripten = Release|Emscripten
		Release|Win32 = Release|Win32
	EndGlobalSection
	GlobalSection(ProjectConfigurationPlatforms) = postSolution
		{A6EA0ED8-F482-4969-B3C9-06F521D9A192}.Debug|Emscripten.ActiveCfg = Debug|Emscripten
		{A6EA0ED8-F482-4969-B3C9-06F521D9A192}.Debug|Emscripten.Build.0 = Debug|Emscripten
		{A6EA0ED8-F482-4969-B3C9-06F521D9A192}.Debug|Win32.ActiveCfg = Debug|Win32
		{A6EA0ED8-F482-4969-B3C9-06F521D9A192}.Debug|Win32.Build.0 = Debug|Win32
		{A6EA0ED8-F482-4969-B3C9-06F521D9A192}.Release|Emscripten.ActiveCfg = Release|Emscripten
		{A6EA0ED8-F482-4969-B3C9-06F521D9A192}.Release|Emscripten.Build.0 = Release|Emscripten
		{A6EA0ED8-F482-4969-B3C9-06F521D9A192}.Release|Win32.ActiveCfg = Release|Win32
		{A6EA0ED8-F482-4969-B3C9-06F521D9A192}.Release|Win32.Build.0 = Release|Win32
	EndGlobalSection
	GlobalSection(SolutionProperties) = preSolution
		HideSolutionNode = FALSE
	EndGlobalSection
EndGlobal
