<?xml version="1.0" encoding="utf-8"?>
<Project ToolsVersion="4.0" xmlns="http://schemas.microsoft.com/developer/msbuild/2003">
  <ItemGroup>
    <Filter Include="Source Files">
      <UniqueIdentifier>{4FC737F1-C7A5-4376-A066-2A32D752A2FF}</UniqueIdentifier>
      <Extensions>cpp;c;cc;cxx;def;odl;idl;hpj;bat;asm;asmx</Extensions>
    </Filter>
    <Filter Include="Header Files">
      <UniqueIdentifier>{93995380-89BD-4b04-88EB-625FBE52EBFB}</UniqueIdentifier>
      <Extensions>h;hpp;hxx;hm;inl;inc;xsd</Extensions>
    </Filter>
    <Filter Include="Resource Files">
      <UniqueIdentifier>{67DA6AB6-F800-4c08-8B7A-83BB121AAD01}</UniqueIdentifier>
      <Extensions>rc;ico;cur;bmp;dlg;rc2;rct;bin;rgs;gif;jpg;jpeg;jpe;resx;tiff;tif;png;wav;mfcribbon-ms</Extensions>
    </Filter>
    <Filter Include="Shared">
      <UniqueIdentifier>{56f0b32a-51b8-4321-9420-46fd50a6b3b3}</UniqueIdentifier>
    </Filter>
    <Filter Include="Shared\Source Files">
      <UniqueIdentifier>{8016ad7c-3efc-4da9-8faa-b8e75a60a69c}</UniqueIdentifier>
    </Filter>
    <Filter Include="Shared\Header Files">
      <UniqueIdentifier>{f16ddf86-20ab-488f-a80d-38561af82b99}</UniqueIdentifier>
    </Filter>
    <Filter Include="Shared\Libraries">
      <UniqueIdentifier>{e10a5876-c569-4f43-a798-05d4fe9154c7}</UniqueIdentifier>
    </Filter>
    <Filter Include="Shared\Libraries\TinyXML2">
      <UniqueIdentifier>{38ef7c45-1f66-4b86-910d-9b96b58a26e3}</UniqueIdentifier>
    </Filter>
  </ItemGroup>
  <ItemGroup>
    <ClCompile Include="Main.cpp">
      <Filter>Source Files</Filter>
    </ClCompile>
    <ClCompile Include="Config.cpp">
      <Filter>Source Files</Filter>
    </ClCompile>
    <ClCompile Include="Input.cpp">
      <Filter>Source Files</Filter>
    </ClCompile>
    <ClCompile Include="..\Shared\File.cpp">
      <Filter>Shared\Source Files</Filter>
    </ClCompile>
    <ClCompile Include="..\Shared\Libraries\TinyXML2\tinyxml2.cpp">
      <Filter>Shared\Libraries\TinyXML2</Filter>
    </ClCompile>
    <ClCompile Include="..\Shared\Log.cpp">
      <Filter>Shared\Source Files</Filter>
    </ClCompile>
    <ClCompile Include="DirectX9.cpp">
      <Filter>Source Files</Filter>
    </ClCompile>
    <ClCompile Include="Display.cpp">
      <Filter>Source Files</Filter>
    </ClCompile>
  </ItemGroup>
  <ItemGroup>
    <ClInclude Include="resource.h">
      <Filter>Header Files</Filter>
    </ClInclude>
    <ClInclude Include="..\Shared\File.h">
      <Filter>Shared\Source Files</Filter>
    </ClInclude>
    <ClInclude Include="..\Shared\Libraries\TinyXML2\tinyxml2.h">
      <Filter>Shared\Libraries\TinyXML2</Filter>
    </ClInclude>
    <ClInclude Include="..\Shared\Log.h">
      <Filter>Shared\Source Files</Filter>
    </ClInclude>
    <ClInclude Include="DirectX9.h">
      <Filter>Header Files</Filter>
    </ClInclude>
    <ClInclude Include="Display.h">
      <Filter>Header Files</Filter>
    </ClInclude>
    <ClInclude Include="Config.h">
      <Filter>Header Files</Filter>
    </ClInclude>
    <ClInclude Include="Input.h">
      <Filter>Header Files</Filter>
    </ClInclude>
    <ClInclude Include="Defines.h">
      <Filter>Header Files</Filter>
    </ClInclude>
  </ItemGroup>
  <ItemGroup>
    <ResourceCompile Include="Application.rc">
      <Filter>Resource Files</Filter>
    </ResourceCompile>
  </ItemGroup>
</Project>