
Microsoft Visual Studio Solution File, Format Version 11.00
# Visual Studio 2010
Project("{8BC9CEB8-8B4A-11D0-8D11-00A0C91BC942}") = "SoundLibEmscripten", "SoundLibEmscripten.vcxproj", "{472F5E5E-57E6-4988-971F-EFDA0B94C4FB}"
EndProject
Global
	GlobalSection(SolutionConfigurationPlatforms) = preSolution
		Debug|Emscripten = Debug|Emscripten
		Debug|Win32 = Debug|Win32
		Release|Emscripten = Release|Emscripten
		Release|Win32 = Release|Win32
	EndGlobalSection
	GlobalSection(ProjectConfigurationPlatforms) = postSolution
		{472F5E5E-57E6-4988-971F-EFDA0B94C4FB}.Debug|Emscripten.ActiveCfg = Debug|Emscripten
		{472F5E5E-57E6-4988-971F-EFDA0B94C4FB}.Debug|Emscripten.Build.0 = Debug|Emscripten
		{472F5E5E-57E6-4988-971F-EFDA0B94C4FB}.Debug|Win32.ActiveCfg = Debug|Win32
		{472F5E5E-57E6-4988-971F-EFDA0B94C4FB}.Debug|Win32.Build.0 = Debug|Win32
		{472F5E5E-57E6-4988-971F-EFDA0B94C4FB}.Release|Emscripten.ActiveCfg = Release|Emscripten
		{472F5E5E-57E6-4988-971F-EFDA0B94C4FB}.Release|Emscripten.Build.0 = Release|Emscripten
		{472F5E5E-57E6-4988-971F-EFDA0B94C4FB}.Release|Win32.ActiveCfg = Release|Win32
		{472F5E5E-57E6-4988-971F-EFDA0B94C4FB}.Release|Win32.Build.0 = Release|Win32
	EndGlobalSection
	GlobalSection(SolutionProperties) = preSolution
		HideSolutionNode = FALSE
	EndGlobalSection
EndGlobal
