<?xml version="1.0" encoding="utf-8"?>
<Project ToolsVersion="4.0" xmlns="http://schemas.microsoft.com/developer/msbuild/2003">
  <ItemGroup>
    <Filter Include="res">
      <UniqueIdentifier>849e6864-4606-4ade-9723-16409ca82ff0</UniqueIdentifier>
    </Filter>
    <Filter Include="res\values">
      <UniqueIdentifier>ee90bb7e-0af8-480b-a72f-cd5d583c65be</UniqueIdentifier>
    </Filter>
    <Filter Include="src">
      <UniqueIdentifier>{29a3df46-d34f-487e-b2a6-b505750fdd68}</UniqueIdentifier>
    </Filter>
    <Filter Include="Source Files">
      <UniqueIdentifier>{e46971ad-3d6d-48f5-be08-d45188a7e0c6}</UniqueIdentifier>
    </Filter>
    <Filter Include="Header Files">
      <UniqueIdentifier>{d62ee677-1333-473f-b56f-f3db39c22c10}</UniqueIdentifier>
    </Filter>
  </ItemGroup>
  <ItemGroup>
    <None Include="AndroidManifest.xml" />
    <None Include="build.xml" />
    <None Include="project.properties" />
    <None Include="proguard.cfg" />
    <None Include="res\values\strings.xml">
      <Filter>res\values</Filter>
    </None>
  </ItemGroup>
  <ItemGroup>
    <ClInclude Include="GameDefines.h">
      <Filter>Header Files</Filter>
    </ClInclude>
    <ClInclude Include="Game.h">
      <Filter>Header Files</Filter>
    </ClInclude>
  </ItemGroup>
  <ItemGroup>
    <ClCompile Include="GameHeader.cpp">
      <Filter>Source Files</Filter>
    </ClCompile>
    <ClCompile Include="Game.cpp">
      <Filter>Source Files</Filter>
    </ClCompile>
  </ItemGroup>
</Project>