<?xml version="1.0" encoding="utf-8"?>
<Project ToolsVersion="4.0" xmlns="http://schemas.microsoft.com/developer/msbuild/2003">
  <ItemGroup>
    <Filter Include="res">
      <UniqueIdentifier>e6f208f9-ee5c-4f4a-82fe-6b76a86ec628</UniqueIdentifier>
    </Filter>
    <Filter Include="res\values">
      <UniqueIdentifier>d7a19791-9238-4e2d-aa65-d4cd98c30867</UniqueIdentifier>
    </Filter>
    <Filter Include="jni">
      <UniqueIdentifier>{f6d35850-93b1-4d22-9a30-9792b2b3d792}</UniqueIdentifier>
    </Filter>
    <Filter Include="Source Files">
      <UniqueIdentifier>{b7a130be-7c1a-4100-8074-eb2220da76e7}</UniqueIdentifier>
    </Filter>
    <Filter Include="Header Files">
      <UniqueIdentifier>{cc611147-0e2b-43c9-af36-aac4fa78fc1c}</UniqueIdentifier>
    </Filter>
  </ItemGroup>
  <ItemGroup>
    <None Include="AndroidManifest.xml" />
    <None Include="build.xml" />
    <None Include="project.properties" />
    <None Include="proguard.cfg" />
    <None Include="res\values\strings.xml">
      <Filter>res\values</Filter>
    </None>
  </ItemGroup>
  <ItemGroup>
    <ClCompile Include="Game.cpp">
      <Filter>Source Files</Filter>
    </ClCompile>
    <ClCompile Include="GameHeader.cpp">
      <Filter>Source Files</Filter>
    </ClCompile>
    <ClCompile Include="FPS.cpp">
      <Filter>Source Files</Filter>
    </ClCompile>
  </ItemGroup>
  <ItemGroup>
    <ClInclude Include="Game.h">
      <Filter>Header Files</Filter>
    </ClInclude>
    <ClInclude Include="GameDefines.h">
      <Filter>Header Files</Filter>
    </ClInclude>
    <ClInclude Include="FPS.h">
      <Filter>Header Files</Filter>
    </ClInclude>
  </ItemGroup>
  <ItemGroup>
    <JCompile Include="src\com\PixlGames\SuperPlay\NativeActivity.java" />
  </ItemGroup>
</Project>